// !$*UTF8*$!
{
	archiveVersion = 1;
	classes = {
	};
	objectVersion = 51;
	objects = {

/* Begin PBXBuildFile section */
		52A225E92554F36D00E3C86A /* UserType.swift in Sources */ = {isa = PBXBuildFile; fileRef = 52A225E82554F36D00E3C86A /* UserType.swift */; };
		52A226272554F85A00E3C86A /* NetworkService.swift in Sources */ = {isa = PBXBuildFile; fileRef = 52A226262554F85A00E3C86A /* NetworkService.swift */; };
		52A2262B2554F93200E3C86A /* User.swift in Sources */ = {isa = PBXBuildFile; fileRef = 52A2262A2554F93200E3C86A /* User.swift */; };
		52A2262E2554F9B400E3C86A /* EnumDecodable.swift in Sources */ = {isa = PBXBuildFile; fileRef = 52A2262D2554F9B400E3C86A /* EnumDecodable.swift */; };
		5602DB13255B9A1C00968D3B /* CreateAppointmentTextField.swift in Sources */ = {isa = PBXBuildFile; fileRef = 5602DB12255B9A1C00968D3B /* CreateAppointmentTextField.swift */; };
		5602DB34255F55F500968D3B /* ChooseTypeAppointmentViewController.swift in Sources */ = {isa = PBXBuildFile; fileRef = 5602DB33255F55F200968D3B /* ChooseTypeAppointmentViewController.swift */; };
		5612B65A24F08E3900A2878E /* RegisterNewClubMemberViewController.swift in Sources */ = {isa = PBXBuildFile; fileRef = 5612B65924F08E3900A2878E /* RegisterNewClubMemberViewController.swift */; };
		5612B65C24F0937C00A2878E /* Constants.swift in Sources */ = {isa = PBXBuildFile; fileRef = 5612B65B24F0937C00A2878E /* Constants.swift */; };
		5612B65E24F0B7C000A2878E /* MyAppointStudentViewController.swift in Sources */ = {isa = PBXBuildFile; fileRef = 5612B65D24F0B7BF00A2878E /* MyAppointStudentViewController.swift */; };
		5612B66124F2CECA00A2878E /* ClubMemberUserViewController.swift in Sources */ = {isa = PBXBuildFile; fileRef = 5612B66024F2CEC800A2878E /* ClubMemberUserViewController.swift */; };
		56438ADA2551E48F001781F5 /* FirebaseDownloadableTableViewController.swift in Sources */ = {isa = PBXBuildFile; fileRef = 56438AD92551E48E001781F5 /* FirebaseDownloadableTableViewController.swift */; };
		56438AF62558BD24001781F5 /* SettingsTableViewController.swift in Sources */ = {isa = PBXBuildFile; fileRef = 56438AF52558BD23001781F5 /* SettingsTableViewController.swift */; };
		5674E43B2514405800092E66 /* AppointmentsCoolTableViewCell.swift in Sources */ = {isa = PBXBuildFile; fileRef = 5674E4392514405700092E66 /* AppointmentsCoolTableViewCell.swift */; };
		5674E43C2514405800092E66 /* AppointmentsCoolTableViewCell.xib in Resources */ = {isa = PBXBuildFile; fileRef = 5674E43A2514405800092E66 /* AppointmentsCoolTableViewCell.xib */; };
		568B101E24D686EA00CAE8D2 /* LoginViewController.swift in Sources */ = {isa = PBXBuildFile; fileRef = 568B101D24D686EA00CAE8D2 /* LoginViewController.swift */; };
		568B102024D71E7700CAE8D2 /* GoogleService-Info.plist in Resources */ = {isa = PBXBuildFile; fileRef = 568B101F24D71E7600CAE8D2 /* GoogleService-Info.plist */; };
		568B102224D776D700CAE8D2 /* AppointmentsCell.xib in Resources */ = {isa = PBXBuildFile; fileRef = 568B102124D776D700CAE8D2 /* AppointmentsCell.xib */; };
		568B102424DB901A00CAE8D2 /* CreateAppointmentViewController.swift in Sources */ = {isa = PBXBuildFile; fileRef = 568B102324DB901900CAE8D2 /* CreateAppointmentViewController.swift */; };
		56954F8724DCE27D001DA6DE /* RegisterNewStudentViewController.swift in Sources */ = {isa = PBXBuildFile; fileRef = 56954F8624DCE27D001DA6DE /* RegisterNewStudentViewController.swift */; };
		56954F8924DE31D0001DA6DE /* CreationAppointmentSuccesfullyViewController.swift in Sources */ = {isa = PBXBuildFile; fileRef = 56954F8824DE31D0001DA6DE /* CreationAppointmentSuccesfullyViewController.swift */; };
		56954F8B24DE38F8001DA6DE /* StudentUserViewController.swift in Sources */ = {isa = PBXBuildFile; fileRef = 56954F8A24DE38F8001DA6DE /* StudentUserViewController.swift */; };
		56954F8D24E073C6001DA6DE /* AllAppointmentsViewController.swift in Sources */ = {isa = PBXBuildFile; fileRef = 56954F8C24E073C6001DA6DE /* AllAppointmentsViewController.swift */; };
		56954F8F24E4CAC0001DA6DE /* AddMeToAppointmentViewController.swift in Sources */ = {isa = PBXBuildFile; fileRef = 56954F8E24E4CABF001DA6DE /* AddMeToAppointmentViewController.swift */; };
		56976D7A2504346900EC3CAE /* ShowingAppointmentViewController.swift in Sources */ = {isa = PBXBuildFile; fileRef = 56976D792504346800EC3CAE /* ShowingAppointmentViewController.swift */; };
		56A62961250455A300119201 /* ShowInfoStudentViewController.swift in Sources */ = {isa = PBXBuildFile; fileRef = 56A62960250455A200119201 /* ShowInfoStudentViewController.swift */; };
		56A62963250496F100119201 /* InfoTextView.swift in Sources */ = {isa = PBXBuildFile; fileRef = 56A62962250496F100119201 /* InfoTextView.swift */; };
		56A984372537A4D8008D6251 /* moreInfoTextView.swift in Sources */ = {isa = PBXBuildFile; fileRef = 56A984362537A4D8008D6251 /* moreInfoTextView.swift */; };
		56AE0B56250DDAA000CB2AE3 /* UIViewController+extension.swift in Sources */ = {isa = PBXBuildFile; fileRef = 56AE0B55250DDAA000CB2AE3 /* UIViewController+extension.swift */; };
		56AE0B58250DDCFB00CB2AE3 /* Date+extension.swift in Sources */ = {isa = PBXBuildFile; fileRef = 56AE0B57250DDCFA00CB2AE3 /* Date+extension.swift */; };
		56B17A6924C61F54009FC858 /* WelcomePage.swift in Sources */ = {isa = PBXBuildFile; fileRef = 56B17A6824C61F54009FC858 /* WelcomePage.swift */; };
		56B17AAC24C92BE7009FC858 /* PrimaryButton.swift in Sources */ = {isa = PBXBuildFile; fileRef = 56B17AAB24C92BE6009FC858 /* PrimaryButton.swift */; };
		56DEDD6624CFAA590023BCA2 /* AppointmentsViewCell.swift in Sources */ = {isa = PBXBuildFile; fileRef = 56DEDD6424CFAA590023BCA2 /* AppointmentsViewCell.swift */; };
		56DEDD6724CFAA590023BCA2 /* AppointmentsViewCell.xib in Resources */ = {isa = PBXBuildFile; fileRef = 56DEDD6524CFAA590023BCA2 /* AppointmentsViewCell.xib */; };
		56DEDD6924CFAE360023BCA2 /* AppoimentsPageController.swift in Sources */ = {isa = PBXBuildFile; fileRef = 56DEDD6824CFAE360023BCA2 /* AppoimentsPageController.swift */; };
		56DEDD6C24CFB1B10023BCA2 /* Appointment.swift in Sources */ = {isa = PBXBuildFile; fileRef = 56DEDD6B24CFB1B10023BCA2 /* Appointment.swift */; };
		56E9326024AE4A2B00F0E12E /* AppDelegate.swift in Sources */ = {isa = PBXBuildFile; fileRef = 56E9325F24AE4A2B00F0E12E /* AppDelegate.swift */; };
		56E9326424AE4A2B00F0E12E /* StudentsOrMenberViewController.swift in Sources */ = {isa = PBXBuildFile; fileRef = 56E9326324AE4A2B00F0E12E /* StudentsOrMenberViewController.swift */; };
		56E9326724AE4A2B00F0E12E /* Main.storyboard in Resources */ = {isa = PBXBuildFile; fileRef = 56E9326524AE4A2B00F0E12E /* Main.storyboard */; };
		56E9326924AE4A2E00F0E12E /* Assets.xcassets in Resources */ = {isa = PBXBuildFile; fileRef = 56E9326824AE4A2E00F0E12E /* Assets.xcassets */; };
		56E9326C24AE4A2E00F0E12E /* LaunchScreen.storyboard in Resources */ = {isa = PBXBuildFile; fileRef = 56E9326A24AE4A2E00F0E12E /* LaunchScreen.storyboard */; };
		56EF298C2560EE63000E3E09 /* TypeAppointTableViewCell.swift in Sources */ = {isa = PBXBuildFile; fileRef = 56EF298A2560EE63000E3E09 /* TypeAppointTableViewCell.swift */; };
		56EF298D2560EE63000E3E09 /* TypeAppointTableViewCell.xib in Resources */ = {isa = PBXBuildFile; fileRef = 56EF298B2560EE63000E3E09 /* TypeAppointTableViewCell.xib */; };
		56EF299725617747000E3E09 /* TypeAppointButton.swift in Sources */ = {isa = PBXBuildFile; fileRef = 56EF299625617747000E3E09 /* TypeAppointButton.swift */; };
		56EF299B25618ECA000E3E09 /* TypeAppointmentTableViewController.swift in Sources */ = {isa = PBXBuildFile; fileRef = 56EF299A25618EC8000E3E09 /* TypeAppointmentTableViewController.swift */; };
		90E37BFE7F99C29E161D3286 /* Pods_Social_Welfare.framework in Frameworks */ = {isa = PBXBuildFile; fileRef = 14315F1EB43809F647DD24BE /* Pods_Social_Welfare.framework */; };
		D7D09ED82581CC8200A9CCAC /* ProfileViewController.swift in Sources */ = {isa = PBXBuildFile; fileRef = D7D09ED72581CC8200A9CCAC /* ProfileViewController.swift */; };
		D7D09EDB2585374800A9CCAC /* ChoosePictureViewController.swift in Sources */ = {isa = PBXBuildFile; fileRef = D7D09EDA2585374800A9CCAC /* ChoosePictureViewController.swift */; };
/* End PBXBuildFile section */

/* Begin PBXFileReference section */
		14315F1EB43809F647DD24BE /* Pods_Social_Welfare.framework */ = {isa = PBXFileReference; explicitFileType = wrapper.framework; includeInIndex = 0; path = Pods_Social_Welfare.framework; sourceTree = BUILT_PRODUCTS_DIR; };
		52A225E82554F36D00E3C86A /* UserType.swift */ = {isa = PBXFileReference; lastKnownFileType = sourcecode.swift; path = UserType.swift; sourceTree = "<group>"; };
		52A226262554F85A00E3C86A /* NetworkService.swift */ = {isa = PBXFileReference; lastKnownFileType = sourcecode.swift; name = NetworkService.swift; path = "Social Welfare/Model/NetworkService.swift"; sourceTree = SOURCE_ROOT; };
		52A2262A2554F93200E3C86A /* User.swift */ = {isa = PBXFileReference; lastKnownFileType = sourcecode.swift; path = User.swift; sourceTree = "<group>"; };
		52A2262D2554F9B400E3C86A /* EnumDecodable.swift */ = {isa = PBXFileReference; lastKnownFileType = sourcecode.swift; path = EnumDecodable.swift; sourceTree = "<group>"; };
		5602DB12255B9A1C00968D3B /* CreateAppointmentTextField.swift */ = {isa = PBXFileReference; lastKnownFileType = sourcecode.swift; path = CreateAppointmentTextField.swift; sourceTree = "<group>"; };
		5602DB33255F55F200968D3B /* ChooseTypeAppointmentViewController.swift */ = {isa = PBXFileReference; lastKnownFileType = sourcecode.swift; path = ChooseTypeAppointmentViewController.swift; sourceTree = "<group>"; };
		5612B65924F08E3900A2878E /* RegisterNewClubMemberViewController.swift */ = {isa = PBXFileReference; lastKnownFileType = sourcecode.swift; path = RegisterNewClubMemberViewController.swift; sourceTree = "<group>"; };
		5612B65B24F0937C00A2878E /* Constants.swift */ = {isa = PBXFileReference; lastKnownFileType = sourcecode.swift; path = Constants.swift; sourceTree = "<group>"; };
		5612B65D24F0B7BF00A2878E /* MyAppointStudentViewController.swift */ = {isa = PBXFileReference; lastKnownFileType = sourcecode.swift; path = MyAppointStudentViewController.swift; sourceTree = "<group>"; };
		5612B66024F2CEC800A2878E /* ClubMemberUserViewController.swift */ = {isa = PBXFileReference; lastKnownFileType = sourcecode.swift; path = ClubMemberUserViewController.swift; sourceTree = "<group>"; };
		56438AD92551E48E001781F5 /* FirebaseDownloadableTableViewController.swift */ = {isa = PBXFileReference; lastKnownFileType = sourcecode.swift; path = FirebaseDownloadableTableViewController.swift; sourceTree = "<group>"; };
		56438AF52558BD23001781F5 /* SettingsTableViewController.swift */ = {isa = PBXFileReference; lastKnownFileType = sourcecode.swift; path = SettingsTableViewController.swift; sourceTree = "<group>"; };
		5674E4392514405700092E66 /* AppointmentsCoolTableViewCell.swift */ = {isa = PBXFileReference; lastKnownFileType = sourcecode.swift; path = AppointmentsCoolTableViewCell.swift; sourceTree = "<group>"; };
		5674E43A2514405800092E66 /* AppointmentsCoolTableViewCell.xib */ = {isa = PBXFileReference; lastKnownFileType = file.xib; path = AppointmentsCoolTableViewCell.xib; sourceTree = "<group>"; };
		568B101D24D686EA00CAE8D2 /* LoginViewController.swift */ = {isa = PBXFileReference; lastKnownFileType = sourcecode.swift; path = LoginViewController.swift; sourceTree = "<group>"; };
		568B101F24D71E7600CAE8D2 /* GoogleService-Info.plist */ = {isa = PBXFileReference; fileEncoding = 4; lastKnownFileType = text.plist.xml; path = "GoogleService-Info.plist"; sourceTree = "<group>"; };
		568B102124D776D700CAE8D2 /* AppointmentsCell.xib */ = {isa = PBXFileReference; lastKnownFileType = file.xib; path = AppointmentsCell.xib; sourceTree = "<group>"; };
		568B102324DB901900CAE8D2 /* CreateAppointmentViewController.swift */ = {isa = PBXFileReference; lastKnownFileType = sourcecode.swift; path = CreateAppointmentViewController.swift; sourceTree = "<group>"; };
		56954F8624DCE27D001DA6DE /* RegisterNewStudentViewController.swift */ = {isa = PBXFileReference; lastKnownFileType = sourcecode.swift; path = RegisterNewStudentViewController.swift; sourceTree = "<group>"; };
		56954F8824DE31D0001DA6DE /* CreationAppointmentSuccesfullyViewController.swift */ = {isa = PBXFileReference; lastKnownFileType = sourcecode.swift; path = CreationAppointmentSuccesfullyViewController.swift; sourceTree = "<group>"; };
		56954F8A24DE38F8001DA6DE /* StudentUserViewController.swift */ = {isa = PBXFileReference; lastKnownFileType = sourcecode.swift; path = StudentUserViewController.swift; sourceTree = "<group>"; };
		56954F8C24E073C6001DA6DE /* AllAppointmentsViewController.swift */ = {isa = PBXFileReference; lastKnownFileType = sourcecode.swift; path = AllAppointmentsViewController.swift; sourceTree = "<group>"; };
		56954F8E24E4CABF001DA6DE /* AddMeToAppointmentViewController.swift */ = {isa = PBXFileReference; lastKnownFileType = sourcecode.swift; path = AddMeToAppointmentViewController.swift; sourceTree = "<group>"; };
		56976D792504346800EC3CAE /* ShowingAppointmentViewController.swift */ = {isa = PBXFileReference; lastKnownFileType = sourcecode.swift; path = ShowingAppointmentViewController.swift; sourceTree = "<group>"; };
		56A62960250455A200119201 /* ShowInfoStudentViewController.swift */ = {isa = PBXFileReference; lastKnownFileType = sourcecode.swift; path = ShowInfoStudentViewController.swift; sourceTree = "<group>"; };
		56A62962250496F100119201 /* InfoTextView.swift */ = {isa = PBXFileReference; lastKnownFileType = sourcecode.swift; path = InfoTextView.swift; sourceTree = "<group>"; };
		56A984362537A4D8008D6251 /* moreInfoTextView.swift */ = {isa = PBXFileReference; lastKnownFileType = sourcecode.swift; path = moreInfoTextView.swift; sourceTree = "<group>"; };
		56AE0B55250DDAA000CB2AE3 /* UIViewController+extension.swift */ = {isa = PBXFileReference; lastKnownFileType = sourcecode.swift; path = "UIViewController+extension.swift"; sourceTree = "<group>"; };
		56AE0B57250DDCFA00CB2AE3 /* Date+extension.swift */ = {isa = PBXFileReference; lastKnownFileType = sourcecode.swift; path = "Date+extension.swift"; sourceTree = "<group>"; };
		56B17A6824C61F54009FC858 /* WelcomePage.swift */ = {isa = PBXFileReference; lastKnownFileType = sourcecode.swift; path = WelcomePage.swift; sourceTree = "<group>"; };
		56B17AAB24C92BE6009FC858 /* PrimaryButton.swift */ = {isa = PBXFileReference; lastKnownFileType = sourcecode.swift; path = PrimaryButton.swift; sourceTree = "<group>"; };
		56DEDD6424CFAA590023BCA2 /* AppointmentsViewCell.swift */ = {isa = PBXFileReference; lastKnownFileType = sourcecode.swift; path = AppointmentsViewCell.swift; sourceTree = "<group>"; };
		56DEDD6524CFAA590023BCA2 /* AppointmentsViewCell.xib */ = {isa = PBXFileReference; lastKnownFileType = file.xib; path = AppointmentsViewCell.xib; sourceTree = "<group>"; };
		56DEDD6824CFAE360023BCA2 /* AppoimentsPageController.swift */ = {isa = PBXFileReference; lastKnownFileType = sourcecode.swift; path = AppoimentsPageController.swift; sourceTree = "<group>"; };
		56DEDD6B24CFB1B10023BCA2 /* Appointment.swift */ = {isa = PBXFileReference; lastKnownFileType = sourcecode.swift; path = Appointment.swift; sourceTree = "<group>"; };
		56E9325C24AE4A2B00F0E12E /* Social Welfare.app */ = {isa = PBXFileReference; explicitFileType = wrapper.application; includeInIndex = 0; path = "Social Welfare.app"; sourceTree = BUILT_PRODUCTS_DIR; };
		56E9325F24AE4A2B00F0E12E /* AppDelegate.swift */ = {isa = PBXFileReference; lastKnownFileType = sourcecode.swift; path = AppDelegate.swift; sourceTree = "<group>"; };
		56E9326324AE4A2B00F0E12E /* StudentsOrMenberViewController.swift */ = {isa = PBXFileReference; lastKnownFileType = sourcecode.swift; path = StudentsOrMenberViewController.swift; sourceTree = "<group>"; };
		56E9326624AE4A2B00F0E12E /* Base */ = {isa = PBXFileReference; lastKnownFileType = file.storyboard; name = Base; path = Base.lproj/Main.storyboard; sourceTree = "<group>"; };
		56E9326824AE4A2E00F0E12E /* Assets.xcassets */ = {isa = PBXFileReference; lastKnownFileType = folder.assetcatalog; path = Assets.xcassets; sourceTree = "<group>"; };
		56E9326B24AE4A2E00F0E12E /* Base */ = {isa = PBXFileReference; lastKnownFileType = file.storyboard; name = Base; path = Base.lproj/LaunchScreen.storyboard; sourceTree = "<group>"; };
		56E9326D24AE4A2E00F0E12E /* Info.plist */ = {isa = PBXFileReference; lastKnownFileType = text.plist.xml; path = Info.plist; sourceTree = "<group>"; };
		56EF298A2560EE63000E3E09 /* TypeAppointTableViewCell.swift */ = {isa = PBXFileReference; lastKnownFileType = sourcecode.swift; path = TypeAppointTableViewCell.swift; sourceTree = "<group>"; };
		56EF298B2560EE63000E3E09 /* TypeAppointTableViewCell.xib */ = {isa = PBXFileReference; lastKnownFileType = file.xib; path = TypeAppointTableViewCell.xib; sourceTree = "<group>"; };
		56EF299625617747000E3E09 /* TypeAppointButton.swift */ = {isa = PBXFileReference; lastKnownFileType = sourcecode.swift; path = TypeAppointButton.swift; sourceTree = "<group>"; };
		56EF299A25618EC8000E3E09 /* TypeAppointmentTableViewController.swift */ = {isa = PBXFileReference; lastKnownFileType = sourcecode.swift; path = TypeAppointmentTableViewController.swift; sourceTree = "<group>"; };
		957719F52DE05811087DB235 /* Pods-Social Welfare.debug.xcconfig */ = {isa = PBXFileReference; includeInIndex = 1; lastKnownFileType = text.xcconfig; name = "Pods-Social Welfare.debug.xcconfig"; path = "Target Support Files/Pods-Social Welfare/Pods-Social Welfare.debug.xcconfig"; sourceTree = "<group>"; };
		D7D09ED72581CC8200A9CCAC /* ProfileViewController.swift */ = {isa = PBXFileReference; lastKnownFileType = sourcecode.swift; path = ProfileViewController.swift; sourceTree = "<group>"; };
		D7D09EDA2585374800A9CCAC /* ChoosePictureViewController.swift */ = {isa = PBXFileReference; lastKnownFileType = sourcecode.swift; path = ChoosePictureViewController.swift; sourceTree = "<group>"; };
		DFCCD0006B8F3573703E44F0 /* Pods-Social Welfare.release.xcconfig */ = {isa = PBXFileReference; includeInIndex = 1; lastKnownFileType = text.xcconfig; name = "Pods-Social Welfare.release.xcconfig"; path = "Target Support Files/Pods-Social Welfare/Pods-Social Welfare.release.xcconfig"; sourceTree = "<group>"; };
/* End PBXFileReference section */

/* Begin PBXFrameworksBuildPhase section */
		56E9325924AE4A2B00F0E12E /* Frameworks */ = {
			isa = PBXFrameworksBuildPhase;
			buildActionMask = 2147483647;
			files = (
				90E37BFE7F99C29E161D3286 /* Pods_Social_Welfare.framework in Frameworks */,
			);
			runOnlyForDeploymentPostprocessing = 0;
		};
/* End PBXFrameworksBuildPhase section */

/* Begin PBXGroup section */
		52A226252554F84F00E3C86A /* Network */ = {
			isa = PBXGroup;
			children = (
				52A226262554F85A00E3C86A /* NetworkService.swift */,
			);
			path = Network;
			sourceTree = "<group>";
		};
		5602DB10255B980A00968D3B /* TexField */ = {
			isa = PBXGroup;
			children = (
				5602DB12255B9A1C00968D3B /* CreateAppointmentTextField.swift */,
			);
			path = TexField;
			sourceTree = "<group>";
		};
		5602DB32255F54B800968D3B /* Create Appointmet */ = {
			isa = PBXGroup;
			children = (
				5602DB33255F55F200968D3B /* ChooseTypeAppointmentViewController.swift */,
			);
			path = "Create Appointmet";
			sourceTree = "<group>";
		};
		56438AF42558BCE5001781F5 /* Profile */ = {
			isa = PBXGroup;
			children = (
				56438AF52558BD23001781F5 /* SettingsTableViewController.swift */,
				D7D09ED72581CC8200A9CCAC /* ProfileViewController.swift */,
				D7D09EDA2585374800A9CCAC /* ChoosePictureViewController.swift */,
			);
			path = Profile;
			sourceTree = "<group>";
		};
		56B17A6524C61E8A009FC858 /* Controller */ = {
			isa = PBXGroup;
			children = (
				56B17A6824C61F54009FC858 /* WelcomePage.swift */,
				56E9326324AE4A2B00F0E12E /* StudentsOrMenberViewController.swift */,
				56954F8624DCE27D001DA6DE /* RegisterNewStudentViewController.swift */,
				5612B65924F08E3900A2878E /* RegisterNewClubMemberViewController.swift */,
				568B101D24D686EA00CAE8D2 /* LoginViewController.swift */,
				56DEDD6824CFAE360023BCA2 /* AppoimentsPageController.swift */,
				56976D792504346800EC3CAE /* ShowingAppointmentViewController.swift */,
				5612B65D24F0B7BF00A2878E /* MyAppointStudentViewController.swift */,
				56A62960250455A200119201 /* ShowInfoStudentViewController.swift */,
				56954F8C24E073C6001DA6DE /* AllAppointmentsViewController.swift */,
				56954F8E24E4CABF001DA6DE /* AddMeToAppointmentViewController.swift */,
				568B102324DB901900CAE8D2 /* CreateAppointmentViewController.swift */,
				56954F8824DE31D0001DA6DE /* CreationAppointmentSuccesfullyViewController.swift */,
				56954F8A24DE38F8001DA6DE /* StudentUserViewController.swift */,
				5612B66024F2CEC800A2878E /* ClubMemberUserViewController.swift */,
				56AE0B55250DDAA000CB2AE3 /* UIViewController+extension.swift */,
				56AE0B57250DDCFA00CB2AE3 /* Date+extension.swift */,
				56438AD92551E48E001781F5 /* FirebaseDownloadableTableViewController.swift */,
			);
			path = Controller;
			sourceTree = "<group>";
		};
		56B17AAA24C92B83009FC858 /* View */ = {
			isa = PBXGroup;
			children = (
				56E9326524AE4A2B00F0E12E /* Main.storyboard */,
				56DEDD6424CFAA590023BCA2 /* AppointmentsViewCell.swift */,
				56DEDD6524CFAA590023BCA2 /* AppointmentsViewCell.xib */,
				568B102124D776D700CAE8D2 /* AppointmentsCell.xib */,
				56A62962250496F100119201 /* InfoTextView.swift */,
				5674E4392514405700092E66 /* AppointmentsCoolTableViewCell.swift */,
				5674E43A2514405800092E66 /* AppointmentsCoolTableViewCell.xib */,
				56A984362537A4D8008D6251 /* moreInfoTextView.swift */,
			);
			path = View;
			sourceTree = "<group>";
		};
		56DEDD6A24CFB1830023BCA2 /* Model */ = {
			isa = PBXGroup;
			children = (
				56B17AAB24C92BE6009FC858 /* PrimaryButton.swift */,
				56DEDD6B24CFB1B10023BCA2 /* Appointment.swift */,
				5612B65B24F0937C00A2878E /* Constants.swift */,
				52A225E82554F36D00E3C86A /* UserType.swift */,
				52A2262A2554F93200E3C86A /* User.swift */,
				52A2262D2554F9B400E3C86A /* EnumDecodable.swift */,
			);
			path = Model;
			sourceTree = "<group>";
		};
		56E9325324AE4A2B00F0E12E = {
			isa = PBXGroup;
			children = (
				56E9325E24AE4A2B00F0E12E /* Social Welfare */,
				56E9325D24AE4A2B00F0E12E /* Products */,
				6E1E142A79881820AFD58065 /* Pods */,
				F14E73D82A637A187F2395CC /* Frameworks */,
			);
			sourceTree = "<group>";
		};
		56E9325D24AE4A2B00F0E12E /* Products */ = {
			isa = PBXGroup;
			children = (
				56E9325C24AE4A2B00F0E12E /* Social Welfare.app */,
			);
			name = Products;
			sourceTree = "<group>";
		};
		56E9325E24AE4A2B00F0E12E /* Social Welfare */ = {
			isa = PBXGroup;
			children = (
				56E9325F24AE4A2B00F0E12E /* AppDelegate.swift */,
				52A226252554F84F00E3C86A /* Network */,
				56EF29882560EE02000E3E09 /* TableViewCell */,
				5602DB10255B980A00968D3B /* TexField */,
				56EF298F25617672000E3E09 /* Button */,
				56B17AAA24C92B83009FC858 /* View */,
				5602DB32255F54B800968D3B /* Create Appointmet */,
				56EF299925618E41000E3E09 /* ClubMemberPages */,
				56DEDD6A24CFB1830023BCA2 /* Model */,
				56B17A6524C61E8A009FC858 /* Controller */,
				56438AF42558BCE5001781F5 /* Profile */,
				56E9326824AE4A2E00F0E12E /* Assets.xcassets */,
				56E9326A24AE4A2E00F0E12E /* LaunchScreen.storyboard */,
				56E9326D24AE4A2E00F0E12E /* Info.plist */,
				568B101F24D71E7600CAE8D2 /* GoogleService-Info.plist */,
			);
			path = "Social Welfare";
			sourceTree = "<group>";
		};
		56EF29882560EE02000E3E09 /* TableViewCell */ = {
			isa = PBXGroup;
			children = (
				56EF298A2560EE63000E3E09 /* TypeAppointTableViewCell.swift */,
				56EF298B2560EE63000E3E09 /* TypeAppointTableViewCell.xib */,
			);
			path = TableViewCell;
			sourceTree = "<group>";
		};
		56EF298F25617672000E3E09 /* Button */ = {
			isa = PBXGroup;
			children = (
				56EF299625617747000E3E09 /* TypeAppointButton.swift */,
			);
			path = Button;
			sourceTree = "<group>";
		};
		56EF299925618E41000E3E09 /* ClubMemberPages */ = {
			isa = PBXGroup;
			children = (
				56EF299A25618EC8000E3E09 /* TypeAppointmentTableViewController.swift */,
			);
			path = ClubMemberPages;
			sourceTree = "<group>";
		};
		6E1E142A79881820AFD58065 /* Pods */ = {
			isa = PBXGroup;
			children = (
				957719F52DE05811087DB235 /* Pods-Social Welfare.debug.xcconfig */,
				DFCCD0006B8F3573703E44F0 /* Pods-Social Welfare.release.xcconfig */,
			);
			path = Pods;
			sourceTree = "<group>";
		};
		F14E73D82A637A187F2395CC /* Frameworks */ = {
			isa = PBXGroup;
			children = (
				14315F1EB43809F647DD24BE /* Pods_Social_Welfare.framework */,
			);
			name = Frameworks;
			sourceTree = "<group>";
		};
/* End PBXGroup section */

/* Begin PBXNativeTarget section */
		56E9325B24AE4A2B00F0E12E /* Social Welfare */ = {
			isa = PBXNativeTarget;
			buildConfigurationList = 56E9327024AE4A2E00F0E12E /* Build configuration list for PBXNativeTarget "Social Welfare" */;
			buildPhases = (
				B8D167B866BBD05D2BC23F08 /* [CP] Check Pods Manifest.lock */,
				56E9325824AE4A2B00F0E12E /* Sources */,
				56E9325924AE4A2B00F0E12E /* Frameworks */,
				56E9325A24AE4A2B00F0E12E /* Resources */,
				9463B4490AAC857252CD6838 /* [CP] Embed Pods Frameworks */,
			);
			buildRules = (
			);
			dependencies = (
			);
			name = "Social Welfare";
			productName = "Social Welfare";
			productReference = 56E9325C24AE4A2B00F0E12E /* Social Welfare.app */;
			productType = "com.apple.product-type.application";
		};
/* End PBXNativeTarget section */

/* Begin PBXProject section */
		56E9325424AE4A2B00F0E12E /* Project object */ = {
			isa = PBXProject;
			attributes = {
				LastSwiftUpdateCheck = 1150;
				LastUpgradeCheck = 1200;
				ORGANIZATIONNAME = "Santiago Jaramillo Franzoni";
				TargetAttributes = {
					56E9325B24AE4A2B00F0E12E = {
						CreatedOnToolsVersion = 11.5;
					};
				};
			};
			buildConfigurationList = 56E9325724AE4A2B00F0E12E /* Build configuration list for PBXProject "Social Welfare" */;
			compatibilityVersion = "Xcode 9.3";
			developmentRegion = en;
			hasScannedForEncodings = 0;
			knownRegions = (
				en,
				Base,
			);
			mainGroup = 56E9325324AE4A2B00F0E12E;
			productRefGroup = 56E9325D24AE4A2B00F0E12E /* Products */;
			projectDirPath = "";
			projectRoot = "";
			targets = (
				56E9325B24AE4A2B00F0E12E /* Social Welfare */,
			);
		};
/* End PBXProject section */

/* Begin PBXResourcesBuildPhase section */
		56E9325A24AE4A2B00F0E12E /* Resources */ = {
			isa = PBXResourcesBuildPhase;
			buildActionMask = 2147483647;
			files = (
				56E9326C24AE4A2E00F0E12E /* LaunchScreen.storyboard in Resources */,
				56E9326924AE4A2E00F0E12E /* Assets.xcassets in Resources */,
				568B102024D71E7700CAE8D2 /* GoogleService-Info.plist in Resources */,
				568B102224D776D700CAE8D2 /* AppointmentsCell.xib in Resources */,
				56DEDD6724CFAA590023BCA2 /* AppointmentsViewCell.xib in Resources */,
				56EF298D2560EE63000E3E09 /* TypeAppointTableViewCell.xib in Resources */,
				56E9326724AE4A2B00F0E12E /* Main.storyboard in Resources */,
				5674E43C2514405800092E66 /* AppointmentsCoolTableViewCell.xib in Resources */,
			);
			runOnlyForDeploymentPostprocessing = 0;
		};
/* End PBXResourcesBuildPhase section */

/* Begin PBXShellScriptBuildPhase section */
		9463B4490AAC857252CD6838 /* [CP] Embed Pods Frameworks */ = {
			isa = PBXShellScriptBuildPhase;
			buildActionMask = 2147483647;
			files = (
			);
			inputFileListPaths = (
				"${PODS_ROOT}/Target Support Files/Pods-Social Welfare/Pods-Social Welfare-frameworks-${CONFIGURATION}-input-files.xcfilelist",
			);
			name = "[CP] Embed Pods Frameworks";
			outputFileListPaths = (
				"${PODS_ROOT}/Target Support Files/Pods-Social Welfare/Pods-Social Welfare-frameworks-${CONFIGURATION}-output-files.xcfilelist",
			);
			runOnlyForDeploymentPostprocessing = 0;
			shellPath = /bin/sh;
			shellScript = "\"${PODS_ROOT}/Target Support Files/Pods-Social Welfare/Pods-Social Welfare-frameworks.sh\"\n";
			showEnvVarsInLog = 0;
		};
		B8D167B866BBD05D2BC23F08 /* [CP] Check Pods Manifest.lock */ = {
			isa = PBXShellScriptBuildPhase;
			buildActionMask = 2147483647;
			files = (
			);
			inputFileListPaths = (
			);
			inputPaths = (
				"${PODS_PODFILE_DIR_PATH}/Podfile.lock",
				"${PODS_ROOT}/Manifest.lock",
			);
			name = "[CP] Check Pods Manifest.lock";
			outputFileListPaths = (
			);
			outputPaths = (
				"$(DERIVED_FILE_DIR)/Pods-Social Welfare-checkManifestLockResult.txt",
			);
			runOnlyForDeploymentPostprocessing = 0;
			shellPath = /bin/sh;
			shellScript = "diff \"${PODS_PODFILE_DIR_PATH}/Podfile.lock\" \"${PODS_ROOT}/Manifest.lock\" > /dev/null\nif [ $? != 0 ] ; then\n    # print error to STDERR\n    echo \"error: The sandbox is not in sync with the Podfile.lock. Run 'pod install' or update your CocoaPods installation.\" >&2\n    exit 1\nfi\n# This output is used by Xcode 'outputs' to avoid re-running this script phase.\necho \"SUCCESS\" > \"${SCRIPT_OUTPUT_FILE_0}\"\n";
			showEnvVarsInLog = 0;
		};
/* End PBXShellScriptBuildPhase section */

/* Begin PBXSourcesBuildPhase section */
		56E9325824AE4A2B00F0E12E /* Sources */ = {
			isa = PBXSourcesBuildPhase;
			buildActionMask = 2147483647;
			files = (
				5674E43B2514405800092E66 /* AppointmentsCoolTableViewCell.swift in Sources */,
				568B101E24D686EA00CAE8D2 /* LoginViewController.swift in Sources */,
				5612B65A24F08E3900A2878E /* RegisterNewClubMemberViewController.swift in Sources */,
				56E9326424AE4A2B00F0E12E /* StudentsOrMenberViewController.swift in Sources */,
				56DEDD6924CFAE360023BCA2 /* AppoimentsPageController.swift in Sources */,
				56AE0B56250DDAA000CB2AE3 /* UIViewController+extension.swift in Sources */,
				52A226272554F85A00E3C86A /* NetworkService.swift in Sources */,
				5612B65E24F0B7C000A2878E /* MyAppointStudentViewController.swift in Sources */,
				56EF299725617747000E3E09 /* TypeAppointButton.swift in Sources */,
				5602DB34255F55F500968D3B /* ChooseTypeAppointmentViewController.swift in Sources */,
				52A2262B2554F93200E3C86A /* User.swift in Sources */,
				56B17A6924C61F54009FC858 /* WelcomePage.swift in Sources */,
				56976D7A2504346900EC3CAE /* ShowingAppointmentViewController.swift in Sources */,
				568B102424DB901A00CAE8D2 /* CreateAppointmentViewController.swift in Sources */,
				52A2262E2554F9B400E3C86A /* EnumDecodable.swift in Sources */,
				56EF299B25618ECA000E3E09 /* TypeAppointmentTableViewController.swift in Sources */,
				56DEDD6C24CFB1B10023BCA2 /* Appointment.swift in Sources */,
				5602DB13255B9A1C00968D3B /* CreateAppointmentTextField.swift in Sources */,
				56A62961250455A300119201 /* ShowInfoStudentViewController.swift in Sources */,
				5612B65C24F0937C00A2878E /* Constants.swift in Sources */,
				56DEDD6624CFAA590023BCA2 /* AppointmentsViewCell.swift in Sources */,
				56438AF62558BD24001781F5 /* SettingsTableViewController.swift in Sources */,
				D7D09EDB2585374800A9CCAC /* ChoosePictureViewController.swift in Sources */,
				56438ADA2551E48F001781F5 /* FirebaseDownloadableTableViewController.swift in Sources */,
				56EF298C2560EE63000E3E09 /* TypeAppointTableViewCell.swift in Sources */,
				56954F8B24DE38F8001DA6DE /* StudentUserViewController.swift in Sources */,
				56954F8D24E073C6001DA6DE /* AllAppointmentsViewController.swift in Sources */,
				56B17AAC24C92BE7009FC858 /* PrimaryButton.swift in Sources */,
				56AE0B58250DDCFB00CB2AE3 /* Date+extension.swift in Sources */,
				5612B66124F2CECA00A2878E /* ClubMemberUserViewController.swift in Sources */,
				56954F8724DCE27D001DA6DE /* RegisterNewStudentViewController.swift in Sources */,
				56E9326024AE4A2B00F0E12E /* AppDelegate.swift in Sources */,
				56A984372537A4D8008D6251 /* moreInfoTextView.swift in Sources */,
				52A225E92554F36D00E3C86A /* UserType.swift in Sources */,
				56954F8924DE31D0001DA6DE /* CreationAppointmentSuccesfullyViewController.swift in Sources */,
				D7D09ED82581CC8200A9CCAC /* ProfileViewController.swift in Sources */,
				56A62963250496F100119201 /* InfoTextView.swift in Sources */,
				56954F8F24E4CAC0001DA6DE /* AddMeToAppointmentViewController.swift in Sources */,
			);
			runOnlyForDeploymentPostprocessing = 0;
		};
/* End PBXSourcesBuildPhase section */

/* Begin PBXVariantGroup section */
		56E9326524AE4A2B00F0E12E /* Main.storyboard */ = {
			isa = PBXVariantGroup;
			children = (
				56E9326624AE4A2B00F0E12E /* Base */,
			);
			name = Main.storyboard;
			sourceTree = "<group>";
		};
		56E9326A24AE4A2E00F0E12E /* LaunchScreen.storyboard */ = {
			isa = PBXVariantGroup;
			children = (
				56E9326B24AE4A2E00F0E12E /* Base */,
			);
			name = LaunchScreen.storyboard;
			sourceTree = "<group>";
		};
/* End PBXVariantGroup section */

/* Begin XCBuildConfiguration section */
		56E9326E24AE4A2E00F0E12E /* Debug */ = {
			isa = XCBuildConfiguration;
			buildSettings = {
				ALWAYS_SEARCH_USER_PATHS = NO;
				CLANG_ANALYZER_NONNULL = YES;
				CLANG_ANALYZER_NUMBER_OBJECT_CONVERSION = YES_AGGRESSIVE;
				CLANG_CXX_LANGUAGE_STANDARD = "gnu++14";
				CLANG_CXX_LIBRARY = "libc++";
				CLANG_ENABLE_MODULES = YES;
				CLANG_ENABLE_OBJC_ARC = YES;
				CLANG_ENABLE_OBJC_WEAK = YES;
				CLANG_WARN_BLOCK_CAPTURE_AUTORELEASING = YES;
				CLANG_WARN_BOOL_CONVERSION = YES;
				CLANG_WARN_COMMA = YES;
				CLANG_WARN_CONSTANT_CONVERSION = YES;
				CLANG_WARN_DEPRECATED_OBJC_IMPLEMENTATIONS = YES;
				CLANG_WARN_DIRECT_OBJC_ISA_USAGE = YES_ERROR;
				CLANG_WARN_DOCUMENTATION_COMMENTS = YES;
				CLANG_WARN_EMPTY_BODY = YES;
				CLANG_WARN_ENUM_CONVERSION = YES;
				CLANG_WARN_INFINITE_RECURSION = YES;
				CLANG_WARN_INT_CONVERSION = YES;
				CLANG_WARN_NON_LITERAL_NULL_CONVERSION = YES;
				CLANG_WARN_OBJC_IMPLICIT_RETAIN_SELF = YES;
				CLANG_WARN_OBJC_LITERAL_CONVERSION = YES;
				CLANG_WARN_OBJC_ROOT_CLASS = YES_ERROR;
				CLANG_WARN_QUOTED_INCLUDE_IN_FRAMEWORK_HEADER = YES;
				CLANG_WARN_RANGE_LOOP_ANALYSIS = YES;
				CLANG_WARN_STRICT_PROTOTYPES = YES;
				CLANG_WARN_SUSPICIOUS_MOVE = YES;
				CLANG_WARN_UNGUARDED_AVAILABILITY = YES_AGGRESSIVE;
				CLANG_WARN_UNREACHABLE_CODE = YES;
				CLANG_WARN__DUPLICATE_METHOD_MATCH = YES;
				COPY_PHASE_STRIP = NO;
				DEBUG_INFORMATION_FORMAT = dwarf;
				ENABLE_STRICT_OBJC_MSGSEND = YES;
				ENABLE_TESTABILITY = YES;
				GCC_C_LANGUAGE_STANDARD = gnu11;
				GCC_DYNAMIC_NO_PIC = NO;
				GCC_NO_COMMON_BLOCKS = YES;
				GCC_OPTIMIZATION_LEVEL = 0;
				GCC_PREPROCESSOR_DEFINITIONS = (
					"DEBUG=1",
					"$(inherited)",
				);
				GCC_WARN_64_TO_32_BIT_CONVERSION = YES;
				GCC_WARN_ABOUT_RETURN_TYPE = YES_ERROR;
				GCC_WARN_UNDECLARED_SELECTOR = YES;
				GCC_WARN_UNINITIALIZED_AUTOS = YES_AGGRESSIVE;
				GCC_WARN_UNUSED_FUNCTION = YES;
				GCC_WARN_UNUSED_VARIABLE = YES;
				IPHONEOS_DEPLOYMENT_TARGET = 13.5;
				MTL_ENABLE_DEBUG_INFO = INCLUDE_SOURCE;
				MTL_FAST_MATH = YES;
				ONLY_ACTIVE_ARCH = YES;
				SDKROOT = iphoneos;
				SWIFT_ACTIVE_COMPILATION_CONDITIONS = DEBUG;
				SWIFT_OPTIMIZATION_LEVEL = "-Onone";
			};
			name = Debug;
		};
		56E9326F24AE4A2E00F0E12E /* Release */ = {
			isa = XCBuildConfiguration;
			buildSettings = {
				ALWAYS_SEARCH_USER_PATHS = NO;
				CLANG_ANALYZER_NONNULL = YES;
				CLANG_ANALYZER_NUMBER_OBJECT_CONVERSION = YES_AGGRESSIVE;
				CLANG_CXX_LANGUAGE_STANDARD = "gnu++14";
				CLANG_CXX_LIBRARY = "libc++";
				CLANG_ENABLE_MODULES = YES;
				CLANG_ENABLE_OBJC_ARC = YES;
				CLANG_ENABLE_OBJC_WEAK = YES;
				CLANG_WARN_BLOCK_CAPTURE_AUTORELEASING = YES;
				CLANG_WARN_BOOL_CONVERSION = YES;
				CLANG_WARN_COMMA = YES;
				CLANG_WARN_CONSTANT_CONVERSION = YES;
				CLANG_WARN_DEPRECATED_OBJC_IMPLEMENTATIONS = YES;
				CLANG_WARN_DIRECT_OBJC_ISA_USAGE = YES_ERROR;
				CLANG_WARN_DOCUMENTATION_COMMENTS = YES;
				CLANG_WARN_EMPTY_BODY = YES;
				CLANG_WARN_ENUM_CONVERSION = YES;
				CLANG_WARN_INFINITE_RECURSION = YES;
				CLANG_WARN_INT_CONVERSION = YES;
				CLANG_WARN_NON_LITERAL_NULL_CONVERSION = YES;
				CLANG_WARN_OBJC_IMPLICIT_RETAIN_SELF = YES;
				CLANG_WARN_OBJC_LITERAL_CONVERSION = YES;
				CLANG_WARN_OBJC_ROOT_CLASS = YES_ERROR;
				CLANG_WARN_QUOTED_INCLUDE_IN_FRAMEWORK_HEADER = YES;
				CLANG_WARN_RANGE_LOOP_ANALYSIS = YES;
				CLANG_WARN_STRICT_PROTOTYPES = YES;
				CLANG_WARN_SUSPICIOUS_MOVE = YES;
				CLANG_WARN_UNGUARDED_AVAILABILITY = YES_AGGRESSIVE;
				CLANG_WARN_UNREACHABLE_CODE = YES;
				CLANG_WARN__DUPLICATE_METHOD_MATCH = YES;
				COPY_PHASE_STRIP = NO;
				DEBUG_INFORMATION_FORMAT = "dwarf-with-dsym";
				ENABLE_NS_ASSERTIONS = NO;
				ENABLE_STRICT_OBJC_MSGSEND = YES;
				GCC_C_LANGUAGE_STANDARD = gnu11;
				GCC_NO_COMMON_BLOCKS = YES;
				GCC_WARN_64_TO_32_BIT_CONVERSION = YES;
				GCC_WARN_ABOUT_RETURN_TYPE = YES_ERROR;
				GCC_WARN_UNDECLARED_SELECTOR = YES;
				GCC_WARN_UNINITIALIZED_AUTOS = YES_AGGRESSIVE;
				GCC_WARN_UNUSED_FUNCTION = YES;
				GCC_WARN_UNUSED_VARIABLE = YES;
				IPHONEOS_DEPLOYMENT_TARGET = 13.5;
				MTL_ENABLE_DEBUG_INFO = NO;
				MTL_FAST_MATH = YES;
				SDKROOT = iphoneos;
				SWIFT_COMPILATION_MODE = wholemodule;
				SWIFT_OPTIMIZATION_LEVEL = "-O";
				VALIDATE_PRODUCT = YES;
			};
			name = Release;
		};
		56E9327124AE4A2E00F0E12E /* Debug */ = {
			isa = XCBuildConfiguration;
			baseConfigurationReference = 957719F52DE05811087DB235 /* Pods-Social Welfare.debug.xcconfig */;
			buildSettings = {
				ASSETCATALOG_COMPILER_APPICON_NAME = AppIcon;
				CODE_SIGN_STYLE = Automatic;
				DEVELOPMENT_TEAM = "";
				INFOPLIST_FILE = "Social Welfare/Info.plist";
				LD_RUNPATH_SEARCH_PATHS = (
					"$(inherited)",
					"@executable_path/Frameworks",
				);
				PRODUCT_BUNDLE_IDENTIFIER = "co.jaramillo.franzoni.Social-Welfare";
				PRODUCT_NAME = "$(TARGET_NAME)";
				SWIFT_VERSION = 5.0;
				TARGETED_DEVICE_FAMILY = "1,2";
			};
			name = Debug;
		};
		56E9327224AE4A2E00F0E12E /* Release */ = {
			isa = XCBuildConfiguration;
			baseConfigurationReference = DFCCD0006B8F3573703E44F0 /* Pods-Social Welfare.release.xcconfig */;
			buildSettings = {
				ASSETCATALOG_COMPILER_APPICON_NAME = AppIcon;
				CODE_SIGN_STYLE = Automatic;
				DEVELOPMENT_TEAM = "";
				INFOPLIST_FILE = "Social Welfare/Info.plist";
				LD_RUNPATH_SEARCH_PATHS = (
					"$(inherited)",
					"@executable_path/Frameworks",
				);
				PRODUCT_BUNDLE_IDENTIFIER = "co.jaramillo.franzoni.Social-Welfare";
				PRODUCT_NAME = "$(TARGET_NAME)";
				SWIFT_VERSION = 5.0;
				TARGETED_DEVICE_FAMILY = "1,2";
			};
			name = Release;
		};
/* End XCBuildConfiguration section */

/* Begin XCConfigurationList section */
		56E9325724AE4A2B00F0E12E /* Build configuration list for PBXProject "Social Welfare" */ = {
			isa = XCConfigurationList;
			buildConfigurations = (
				56E9326E24AE4A2E00F0E12E /* Debug */,
				56E9326F24AE4A2E00F0E12E /* Release */,
			);
			defaultConfigurationIsVisible = 0;
			defaultConfigurationName = Release;
		};
		56E9327024AE4A2E00F0E12E /* Build configuration list for PBXNativeTarget "Social Welfare" */ = {
			isa = XCConfigurationList;
			buildConfigurations = (
				56E9327124AE4A2E00F0E12E /* Debug */,
				56E9327224AE4A2E00F0E12E /* Release */,
			);
			defaultConfigurationIsVisible = 0;
			defaultConfigurationName = Release;
		};
/* End XCConfigurationList section */
	};
	rootObject = 56E9325424AE4A2B00F0E12E /* Project object */;
}
